
Microsoft Visual Studio Solution File, Format Version 12.00
# Visual Studio 15
VisualStudioVersion = 15.0.27703.2047
MinimumVisualStudioVersion = 10.0.40219.1
Project("{FAE04EC0-301F-11D3-BF4B-00C04F79EFBC}") = "crispy-meme", "crispy-meme\crispy-meme.csproj", "{53E68DB9-CF55-4AB7-816D-4744D67FF1DF}"
EndProject
Global
	GlobalSection(SolutionConfigurationPlatforms) = preSolution
		Debug|Any CPU = Debug|Any CPU
		Release|Any CPU = Release|Any CPU
	EndGlobalSection
	GlobalSection(ProjectConfigurationPlatforms) = postSolution
		{53E68DB9-CF55-4AB7-816D-4744D67FF1DF}.Debug|Any CPU.ActiveCfg = Debug|Any CPU
		{53E68DB9-CF55-4AB7-816D-4744D67FF1DF}.Debug|Any CPU.Build.0 = Debug|Any CPU
		{53E68DB9-CF55-4AB7-816D-4744D67FF1DF}.Release|Any CPU.ActiveCfg = Release|Any CPU
		{53E68DB9-CF55-4AB7-816D-4744D67FF1DF}.Release|Any CPU.Build.0 = Release|Any CPU
	EndGlobalSection
	GlobalSection(SolutionProperties) = preSolution
		HideSolutionNode = FALSE
	EndGlobalSection
	GlobalSection(ExtensibilityGlobals) = postSolution
		SolutionGuid = {406B5741-3B0E-44C2-B4C6-401F1474C6C3}
	EndGlobalSection
EndGlobal
